<Solution>
  <Folder Name="/Jaettu/">
    <Project Path="../Jaettu/Abstraktit/Abstraktit.csproj" />
    <Project Path="../Jaettu/Infra/Infra.csproj" />
  </Folder>
  <Folder Name="/MaailmaKontraktit/">
    <Project Path="../MaailmaKontrakitUtility/MaailmaKetkuKontraktit/MaailmaKetkuKontraktit.AppHost/MaailmaKetjuKontraktit.AppHost.csproj" />
    <Project Path="../MaailmaKontrakitUtility/MaailmaKetkuKontraktit/MaailmaKetkuKontraktit.ServiceDefaults/MaailmaKetjuKontraktit.ServiceDefaults.csproj" />
  </Folder>
  <Folder Name="/MaailmaKontraktit/Mud/" />
  <Folder Name="/MaailmaKontraktit/Mud/Keskus/">
    <Project Path="../MaailmaKontrakitUtility/KeskusV2/KeskusV2.csproj" />
  </Folder>
  <Folder Name="/MaailmaKontraktit/Mud/Maailma/">
    <Project Path="../MaailmaKontrakitUtility/MaailmaV2/MaailmaV2.csproj" />
  </Folder>
  <Folder Name="/MaailmaKontraktit/Mud/SOF/">
    <Project Path="../MaailmaKontrakitUtility/SofV2/SofV2.csproj" />
  </Folder>
  <Folder Name="/MaailmaKontraktit/Standardi/">
    <Project Path="../MaailmaKontrakitUtility/StandardKontraktitV2/StandardKontraktitV2.csproj" />
  </Folder>
  <Folder Name="/MaailmaKontraktit/Testit/">
    <Project Path="../MaailmaKontrakitUtility/MaailmanKetjuKontraktit.Tests/MaailmanKetjuKontraktit.Tests.csproj" />
  </Folder>
  <Folder Name="/SmartKoontiUtility/">
    <Project Path="../SmartKoontiUtility/SmartKoontiUtilityAspire/SmartKoontiUtility.AppHost/SmartKoontiUtility.AppHost.csproj" />
    <Project Path="../SmartKoontiUtility/SmartKoontiUtilityAspire/SmartKoontiUtility.ServiceDefaults/SmartKoontiUtility.ServiceDefaults.csproj" />
  </Folder>
  <Folder Name="/SmartKoontiUtility/SmartDrones/">
    <Project Path="../SmartKoontiUtility/SmartDrones/SmartDroneKomponent/SmartDroneKomponent.csproj" />
    <Project Path="../SmartKoontiUtility/SmartDrones/SmartDrones/SmartDrones.AppHost/SmartDrones.AppHost.csproj" Id="fb69d44b-b861-415c-a55c-2f1f146830af" />
    <Project Path="../SmartKoontiUtility/SmartDrones/SmartDrones/SmartDrones.ServiceDefaults/SmartDrones.ServiceDefaults.csproj" />
  </Folder>
  <Folder Name="/SmartKoontiUtility/SmartDrones/SmartDroneGate/">
    <Project Path="../SmartKoontiUtility/SmartDrones/SmartDroneGate/SmartDroneGateApi/SmartDroneGateApi.csproj" />
    <Project Path="../SmartKoontiUtility/SmartDrones/SmartDroneGate/SmartDroneGateKontrakti/SmartDroneGateKontrakti.csproj" Id="be31eb6f-bbf4-4ec4-ab86-2d8f4c88c182" />
    <Project Path="../SmartKoontiUtility/SmartDrones/SmartDroneGate/SmartDroneGateService/SmartDroneGateService.csproj" Id="563ac01e-683e-46e0-9c02-5a79c447b01b" />
  </Folder>
  <Folder Name="/SmartKoontiUtility/SmartDrones/SmartDroneStorage/">
    <Project Path="../SmartKoontiUtility/SmartDrones/SmartDroneStorage/SmartDroneStorageKontrakti/SmartDroneStorageKontrakti.csproj" Id="92cfdd46-6c72-453d-9144-8c1abe11503a" />
    <Project Path="../SmartKoontiUtility/SmartDrones/SmartDroneStorage/SmartDroneStorageService/SmartDroneStorageService.csproj" Id="4998c3b9-8d4a-492e-bb3e-662c6de168f6" />
    <Project Path="../SmartKoontiUtility/SmartDrones/SmartDroneStorage/SmrtDroneStorageApi/SmrtDroneStorageApi.csproj" />
  </Folder>
  <Folder Name="/SmartKoontiUtility/SmartDrones/SmartDroneUnit/">
    <Project Path="../SmartKoontiUtility/SmartDrones/Smart-Drone-Unit/SmartDroneUnitKontrakti.csproj" />
    <Project Path="../SmartKoontiUtility/SmartDrones/SmartDroneUnitAPI/SmartDroneUnitAPI.csproj" />
    <Project Path="../SmartKoontiUtility/SmartDrones/SmartDroneUnitService/SmartDroneUnitService.csproj" />
  </Folder>
  <Folder Name="/SmartKoontiUtility/SmartGates/">
    <Project Path="../SmartKoontiUtility/SmartGates/Smart-Gate/SmartGateKontrakti.csproj" />
    <Project Path="../SmartKoontiUtility/SmartGates/SmartGateApi/SmartGateApi.csproj" />
    <Project Path="../SmartKoontiUtility/SmartGates/SmartGateService/SmartGateService.csproj" />
  </Folder>
  <Folder Name="/SmartKoontiUtility/SmartStorageUnits/">
    <Project Path="../SmartKoontiUtility/SmartStorageUnits/Smart-Storage-Unit/SmartStorageUnitKontrakti.csproj" />
    <Project Path="../SmartKoontiUtility/SmartStorageUnits/SmartStorageUnitApi/SmartStorageUnitApi.csproj" />
    <Project Path="../SmartKoontiUtility/SmartStorageUnits/SmartStorageUnitService/SmartStorageUnitService.csproj" />
  </Folder>
  <Folder Name="/SmartKoontiUtility/SmartTurrets/">
    <Project Path="../SmartKoontiUtility/SmartTurrets/Smart-Turret/SmartTurretKontrakti.csproj" />
    <Project Path="../SmartKoontiUtility/SmartTurrets/SmartTurretApi/SmartTurretApi.csproj" />
    <Project Path="../SmartKoontiUtility/SmartTurrets/SmartTurretService/SmartTurretService.csproj" />
  </Folder>
</Solution>
